
Microsoft Visual Studio Solution File, Format Version 12.00
# Visual Studio 2012
Project("{FAE04EC0-301F-11D3-BF4B-00C04F79EFBC}") = "m3uCopy", "m3uCopy\m3uCopy.csproj", "{507E2602-7604-49F6-A785-74565F9D339B}"
EndProject
Global
	GlobalSection(SolutionConfigurationPlatforms) = preSolution
		Debug|Any CPU = Debug|Any CPU
		Release|Any CPU = Release|Any CPU
	EndGlobalSection
	GlobalSection(ProjectConfigurationPlatforms) = postSolution
		{507E2602-7604-49F6-A785-74565F9D339B}.Debug|Any CPU.ActiveCfg = Debug|Any CPU
		{507E2602-7604-49F6-A785-74565F9D339B}.Debug|Any CPU.Build.0 = Debug|Any CPU
		{507E2602-7604-49F6-A785-74565F9D339B}.Release|Any CPU.ActiveCfg = Release|Any CPU
		{507E2602-7604-49F6-A785-74565F9D339B}.Release|Any CPU.Build.0 = Release|Any CPU
	EndGlobalSection
	GlobalSection(SolutionProperties) = preSolution
		HideSolutionNode = FALSE
	EndGlobalSection
EndGlobal
